// !$*UTF8*$!
{
	archiveVersion = 1;
	classes = {
	};
	objectVersion = 46;
	objects = {

/* Begin PBXBuildFile section */
		035AE9BD1C27EB8A00E132FC /* AppDelegate.swift in Sources */ = {isa = PBXBuildFile; fileRef = 035AE9BC1C27EB8A00E132FC /* AppDelegate.swift */; };
		035AE9BF1C27EB8A00E132FC /* ViewController.swift in Sources */ = {isa = PBXBuildFile; fileRef = 035AE9BE1C27EB8A00E132FC /* ViewController.swift */; };
		035AE9C21C27EB8A00E132FC /* Main.storyboard in Resources */ = {isa = PBXBuildFile; fileRef = 035AE9C01C27EB8A00E132FC /* Main.storyboard */; };
		035AE9C41C27EB8A00E132FC /* Assets.xcassets in Resources */ = {isa = PBXBuildFile; fileRef = 035AE9C31C27EB8A00E132FC /* Assets.xcassets */; };
		035AE9C71C27EB8A00E132FC /* LaunchScreen.storyboard in Resources */ = {isa = PBXBuildFile; fileRef = 035AE9C51C27EB8A00E132FC /* LaunchScreen.storyboard */; };
/* End PBXBuildFile section */

/* Begin PBXFileReference section */
		035AE9B91C27EB8A00E132FC /* SwiftCounter.app */ = {isa = PBXFileReference; explicitFileType = wrapper.application; includeInIndex = 0; path = SwiftCounter.app; sourceTree = BUILT_PRODUCTS_DIR; };
		035AE9BC1C27EB8A00E132FC /* AppDelegate.swift */ = {isa = PBXFileReference; lastKnownFileType = sourcecode.swift; path = AppDelegate.swift; sourceTree = "<group>"; };
		035AE9BE1C27EB8A00E132FC /* ViewController.swift */ = {isa = PBXFileReference; lastKnownFileType = sourcecode.swift; path = ViewController.swift; sourceTree = "<group>"; };
		035AE9C11C27EB8A00E132FC /* Base */ = {isa = PBXFileReference; lastKnownFileType = file.storyboard; name = Base; path = Base.lproj/Main.storyboard; sourceTree = "<group>"; };
		035AE9C31C27EB8A00E132FC /* Assets.xcassets */ = {isa = PBXFileReference; lastKnownFileType = folder.assetcatalog; path = Assets.xcassets; sourceTree = "<group>"; };
		035AE9C61C27EB8A00E132FC /* Base */ = {isa = PBXFileReference; lastKnownFileType = file.storyboard; name = Base; path = Base.lproj/LaunchScreen.storyboard; sourceTree = "<group>"; };
		035AE9C81C27EB8A00E132FC /* Info.plist */ = {isa = PBXFileReference; lastKnownFileType = text.plist.xml; path = Info.plist; sourceTree = "<group>"; };
/* End PBXFileReference section */

/* Begin PBXFrameworksBuildPhase section */
		035AE9B61C27EB8A00E132FC /* Frameworks */ = {
			isa = PBXFrameworksBuildPhase;
			buildActionMask = 2147483647;
			files = (
			);
			runOnlyForDeploymentPostprocessing = 0;
		};
/* End PBXFrameworksBuildPhase section */

/* Begin PBXGroup section */
		035AE9B01C27EB8A00E132FC = {
			isa = PBXGroup;
			children = (
				035AE9BB1C27EB8A00E132FC /* SwiftCounter */,
				035AE9BA1C27EB8A00E132FC /* Products */,
			);
			sourceTree = "<group>";
		};
		035AE9BA1C27EB8A00E132FC /* Products */ = {
			isa = PBXGroup;
			children = (
				035AE9B91C27EB8A00E132FC /* SwiftCounter.app */,
			);
			name = Products;
			sourceTree = "<group>";
		};
		035AE9BB1C27EB8A00E132FC /* SwiftCounter */ = {
			isa = PBXGroup;
			children = (
				035AE9BC1C27EB8A00E132FC /* AppDelegate.swift */,
				035AE9BE1C27EB8A00E132FC /* ViewController.swift */,
				035AE9C01C27EB8A00E132FC /* Main.storyboard */,
				035AE9C31C27EB8A00E132FC /* Assets.xcassets */,
				035AE9C51C27EB8A00E132FC /* LaunchScreen.storyboard */,
				035AE9C81C27EB8A00E132FC /* Info.plist */,
			);
			path = SwiftCounter;
			sourceTree = "<group>";
		};
/* End PBXGroup section */

/* Begin PBXNativeTarget section */
		035AE9B81C27EB8A00E132FC /* SwiftCounter */ = {
			isa = PBXNativeTarget;
			buildConfigurationList = 035AE9CB1C27EB8A00E132FC /* Build configuration list for PBXNativeTarget "SwiftCounter" */;
			buildPhases = (
				035AE9B51C27EB8A00E132FC /* Sources */,
				035AE9B61C27EB8A00E132FC /* Frameworks */,
				035AE9B71C27EB8A00E132FC /* Resources */,
			);
			buildRules = (
			);
			dependencies = (
			);
			name = SwiftCounter;
			productName = SwiftCounter;
			productReference = 035AE9B91C27EB8A00E132FC /* SwiftCounter.app */;
			productType = "com.apple.product-type.application";
		};
/* End PBXNativeTarget section */

/* Begin PBXProject section */
		035AE9B11C27EB8A00E132FC /* Project object */ = {
			isa = PBXProject;
			attributes = {
				LastSwiftUpdateCheck = 0720;
				LastUpgradeCheck = 0720;
				ORGANIZATIONNAME = softgoto;
				TargetAttributes = {
					035AE9B81C27EB8A00E132FC = {
						CreatedOnToolsVersion = 7.2;
					};
				};
			};
			buildConfigurationList = 035AE9B41C27EB8A00E132FC /* Build configuration list for PBXProject "SwiftCounter" */;
			compatibilityVersion = "Xcode 3.2";
			developmentRegion = English;
			hasScannedForEncodings = 0;
			knownRegions = (
				en,
				Base,
			);
			mainGroup = 035AE9B01C27EB8A00E132FC;
			productRefGroup = 035AE9BA1C27EB8A00E132FC /* Products */;
			projectDirPath = "";
			projectRoot = "";
			targets = (
				035AE9B81C27EB8A00E132FC /* SwiftCounter */,
			);
		};
/* End PBXProject section */

/* Begin PBXResourcesBuildPhase section */
		035AE9B71C27EB8A00E132FC /* Resources */ = {
			isa = PBXResourcesBuildPhase;
			buildActionMask = 2147483647;
			files = (
				035AE9C71C27EB8A00E132FC /* LaunchScreen.storyboard in Resources */,
				035AE9C41C27EB8A00E132FC /* Assets.xcassets in Resources */,
				035AE9C21C27EB8A00E132FC /* Main.storyboard in Resources */,
			);
			runOnlyForDeploymentPostprocessing = 0;
		};
/* End PBXResourcesBuildPhase section */

/* Begin PBXSourcesBuildPhase section */
		035AE9B51C27EB8A00E132FC /* Sources */ = {
			isa = PBXSourcesBuildPhase;
			buildActionMask = 2147483647;
			files = (
				035AE9BF1C27EB8A00E132FC /* ViewController.swift in Sources */,
				035AE9BD1C27EB8A00E132FC /* AppDelegate.swift in Sources */,
			);
			runOnlyForDeploymentPostprocessing = 0;
		};
/* End PBXSourcesBuildPhase section */

/* Begin PBXVariantGroup section */
		035AE9C01C27EB8A00E132FC /* Main.storyboard */ = {
			isa = PBXVariantGroup;
			children = (
				035AE9C11C27EB8A00E132FC /* Base */,
			);
			name = Main.storyboard;
			sourceTree = "<group>";
		};
		035AE9C51C27EB8A00E132FC /* LaunchScreen.storyboard */ = {
			isa = PBXVariantGroup;
			children = (
				035AE9C61C27EB8A00E132FC /* Base */,
			);
			name = LaunchScreen.storyboard;
			sourceTree = "<group>";
		};
/* End PBXVariantGroup section */

/* Begin XCBuildConfiguration section */
		035AE9C91C27EB8A00E132FC /* Debug */ = {
			isa = XCBuildConfiguration;
			buildSettings = {
				ALWAYS_SEARCH_USER_PATHS = NO;
				CLANG_CXX_LANGUAGE_STANDARD = "gnu++0x";
				CLANG_CXX_LIBRARY = "libc++";
				CLANG_ENABLE_MODULES = YES;
				CLANG_ENABLE_OBJC_ARC = YES;
				CLANG_WARN_BOOL_CONVERSION = YES;
				CLANG_WARN_CONSTANT_CONVERSION = YES;
				CLANG_WARN_DIRECT_OBJC_ISA_USAGE = YES_ERROR;
				CLANG_WARN_EMPTY_BODY = YES;
				CLANG_WARN_ENUM_CONVERSION = YES;
				CLANG_WARN_INT_CONVERSION = YES;
				CLANG_WARN_OBJC_ROOT_CLASS = YES_ERROR;
				CLANG_WARN_UNREACHABLE_CODE = YES;
				CLANG_WARN__DUPLICATE_METHOD_MATCH = YES;
				"CODE_SIGN_IDENTITY[sdk=iphoneos*]" = "iPhone Developer";
				COPY_PHASE_STRIP = NO;
				DEBUG_INFORMATION_FORMAT = dwarf;
				ENABLE_STRICT_OBJC_MSGSEND = YES;
				ENABLE_TESTABILITY = YES;
				GCC_C_LANGUAGE_STANDARD = gnu99;
				GCC_DYNAMIC_NO_PIC = NO;
				GCC_NO_COMMON_BLOCKS = YES;
				GCC_OPTIMIZATION_LEVEL = 0;
				GCC_PREPROCESSOR_DEFINITIONS = (
					"DEBUG=1",
					"$(inherited)",
				);
				GCC_WARN_64_TO_32_BIT_CONVERSION = YES;
				GCC_WARN_ABOUT_RETURN_TYPE = YES_ERROR;
				GCC_WARN_UNDECLARED_SELECTOR = YES;
				GCC_WARN_UNINITIALIZED_AUTOS = YES_AGGRESSIVE;
				GCC_WARN_UNUSED_FUNCTION = YES;
				GCC_WARN_UNUSED_VARIABLE = YES;
				IPHONEOS_DEPLOYMENT_TARGET = 9.2;
				MTL_ENABLE_DEBUG_INFO = YES;
				ONLY_ACTIVE_ARCH = YES;
				SDKROOT = iphoneos;
				SWIFT_OPTIMIZATION_LEVEL = "-Onone";
			};
			name = Debug;
		};
		035AE9CA1C27EB8A00E132FC /* Release */ = {
			isa = XCBuildConfiguration;
			buildSettings = {
				ALWAYS_SEARCH_USER_PATHS = NO;
				CLANG_CXX_LANGUAGE_STANDARD = "gnu++0x";
				CLANG_CXX_LIBRARY = "libc++";
				CLANG_ENABLE_MODULES = YES;
				CLANG_ENABLE_OBJC_ARC = YES;
				CLANG_WARN_BOOL_CONVERSION = YES;
				CLANG_WARN_CONSTANT_CONVERSION = YES;
				CLANG_WARN_DIRECT_OBJC_ISA_USAGE = YES_ERROR;
				CLANG_WARN_EMPTY_BODY = YES;
				CLANG_WARN_ENUM_CONVERSION = YES;
				CLANG_WARN_INT_CONVERSION = YES;
				CLANG_WARN_OBJC_ROOT_CLASS = YES_ERROR;
				CLANG_WARN_UNREACHABLE_CODE = YES;
				CLANG_WARN__DUPLICATE_METHOD_MATCH = YES;
				"CODE_SIGN_IDENTITY[sdk=iphoneos*]" = "iPhone Developer";
				COPY_PHASE_STRIP = NO;
				DEBUG_INFORMATION_FORMAT = "dwarf-with-dsym";
				ENABLE_NS_ASSERTIONS = NO;
				ENABLE_STRICT_OBJC_MSGSEND = YES;
				GCC_C_LANGUAGE_STANDARD = gnu99;
				GCC_NO_COMMON_BLOCKS = YES;
				GCC_WARN_64_TO_32_BIT_CONVERSION = YES;
				GCC_WARN_ABOUT_RETURN_TYPE = YES_ERROR;
				GCC_WARN_UNDECLARED_SELECTOR = YES;
				GCC_WARN_UNINITIALIZED_AUTOS = YES_AGGRESSIVE;
				GCC_WARN_UNUSED_FUNCTION = YES;
				GCC_WARN_UNUSED_VARIABLE = YES;
				IPHONEOS_DEPLOYMENT_TARGET = 9.2;
				MTL_ENABLE_DEBUG_INFO = NO;
				SDKROOT = iphoneos;
				VALIDATE_PRODUCT = YES;
			};
			name = Release;
		};
		035AE9CC1C27EB8A00E132FC /* Debug */ = {
			isa = XCBuildConfiguration;
			buildSettings = {
				ASSETCATALOG_COMPILER_APPICON_NAME = AppIcon;
				INFOPLIST_FILE = SwiftCounter/Info.plist;
				LD_RUNPATH_SEARCH_PATHS = "$(inherited) @executable_path/Frameworks";
				PRODUCT_BUNDLE_IDENTIFIER = com.softgoto.SwiftCounter;
				PRODUCT_NAME = "$(TARGET_NAME)";
			};
			name = Debug;
		};
		035AE9CD1C27EB8A00E132FC /* Release */ = {
			isa = XCBuildConfiguration;
			buildSettings = {
				ASSETCATALOG_COMPILER_APPICON_NAME = AppIcon;
				INFOPLIST_FILE = SwiftCounter/Info.plist;
				LD_RUNPATH_SEARCH_PATHS = "$(inherited) @executable_path/Frameworks";
				PRODUCT_BUNDLE_IDENTIFIER = com.softgoto.SwiftCounter;
				PRODUCT_NAME = "$(TARGET_NAME)";
			};
			name = Release;
		};
/* End XCBuildConfiguration section */

/* Begin XCConfigurationList section */
		035AE9B41C27EB8A00E132FC /* Build configuration list for PBXProject "SwiftCounter" */ = {
			isa = XCConfigurationList;
			buildConfigurations = (
				035AE9C91C27EB8A00E132FC /* Debug */,
				035AE9CA1C27EB8A00E132FC /* Release */,
			);
			defaultConfigurationIsVisible = 0;
			defaultConfigurationName = Release;
		};
		035AE9CB1C27EB8A00E132FC /* Build configuration list for PBXNativeTarget "SwiftCounter" */ = {
			isa = XCConfigurationList;
			buildConfigurations = (
				035AE9CC1C27EB8A00E132FC /* Debug */,
				035AE9CD1C27EB8A00E132FC /* Release */,
			);
			defaultConfigurationIsVisible = 0;
		};
/* End XCConfigurationList section */
	};
	rootObject = 035AE9B11C27EB8A00E132FC /* Project object */;
}
